
Microsoft Visual Studio Solution File, Format Version 12.00
# Visual Studio 14
VisualStudioVersion = 14.0.25420.1
MinimumVisualStudioVersion = 10.0.40219.1
Project("{8BC9CEB8-8B4A-11D0-8D11-00A0C91BC942}") = "Terminator", "Terminator\Terminator.vcxproj", "{6607C641-59DF-41E0-9D0A-1068C11F7CDA}"
EndProject
Global
	GlobalSection(SolutionConfigurationPlatforms) = preSolution
		Debug|x64 = Debug|x64
		Debug|x86 = Debug|x86
		Release|x64 = Release|x64
		Release|x86 = Release|x86
	EndGlobalSection
	GlobalSection(ProjectConfigurationPlatforms) = postSolution
		{6607C641-59DF-41E0-9D0A-1068C11F7CDA}.Debug|x64.ActiveCfg = Debug|x64
		{6607C641-59DF-41E0-9D0A-1068C11F7CDA}.Debug|x64.Build.0 = Debug|x64
		{6607C641-59DF-41E0-9D0A-1068C11F7CDA}.Debug|x86.ActiveCfg = Debug|Win32
		{6607C641-59DF-41E0-9D0A-1068C11F7CDA}.Debug|x86.Build.0 = Debug|Win32
		{6607C641-59DF-41E0-9D0A-1068C11F7CDA}.Release|x64.ActiveCfg = Release|x64
		{6607C641-59DF-41E0-9D0A-1068C11F7CDA}.Release|x64.Build.0 = Release|x64
		{6607C641-59DF-41E0-9D0A-1068C11F7CDA}.Release|x86.ActiveCfg = Release|Win32
		{6607C641-59DF-41E0-9D0A-1068C11F7CDA}.Release|x86.Build.0 = Release|Win32
	EndGlobalSection
	GlobalSection(SolutionProperties) = preSolution
		HideSolutionNode = FALSE
	EndGlobalSection
EndGlobal
